
Microsoft Visual Studio Solution File, Format Version 12.00
# Visual Studio Version 17
VisualStudioVersion = 17.10.35013.160
MinimumVisualStudioVersion = 10.0.40219.1
Project("{FAE04EC0-301F-11D3-BF4B-00C04F79EFBC}") = "Lesson2", "Lesson2\Lesson2.csproj", "{F12B77DF-F0A1-435F-8184-DE419911FFA6}"
EndProject
Global
	GlobalSection(SolutionConfigurationPlatforms) = preSolution
		Debug|Any CPU = Debug|Any CPU
		Release|Any CPU = Release|Any CPU
	EndGlobalSection
	GlobalSection(ProjectConfigurationPlatforms) = postSolution
		{F12B77DF-F0A1-435F-8184-DE419911FFA6}.Debug|Any CPU.ActiveCfg = Debug|Any CPU
		{F12B77DF-F0A1-435F-8184-DE419911FFA6}.Debug|Any CPU.Build.0 = Debug|Any CPU
		{F12B77DF-F0A1-435F-8184-DE419911FFA6}.Release|Any CPU.ActiveCfg = Release|Any CPU
		{F12B77DF-F0A1-435F-8184-DE419911FFA6}.Release|Any CPU.Build.0 = Release|Any CPU
	EndGlobalSection
	GlobalSection(SolutionProperties) = preSolution
		HideSolutionNode = FALSE
	EndGlobalSection
	GlobalSection(ExtensibilityGlobals) = postSolution
		SolutionGuid = {EF8EA757-A7EB-498B-A313-0AD2292350E2}
	EndGlobalSection
EndGlobal
